PODS:
  - NextLevel (0.16.4)
  - PCVisionPicker (1.1):
    - NextLevel (~> 0.16.4.JJ)

DEPENDENCIES:
  - NextLevel (from `https://github.com/JJson/NextLevel.git`, tag `0.16.4.JJ`)
  - PCVisionPicker (from `../`)

EXTERNAL SOURCES:
  NextLevel:
    :git: https://github.com/JJson/NextLevel.git
    :tag: 0.16.4.JJ
  PCVisionPicker:
    :path: "../"

CHECKOUT OPTIONS:
  NextLevel:
    :git: https://github.com/JJson/NextLevel.git
    :tag: 0.16.4.JJ

SPEC CHECKSUMS:
  NextLevel: f84ecba5c546a87e245809e0523ef3a24897323b
  PCVisionPicker: f5e930b30d62778f6fb6a67da46a8d12cebc91ef

PODFILE CHECKSUM: 653d8abdfe69a0a34b58b4764bb48efaa6b13835

COCOAPODS: 1.9.1
