PODS:
  - NextLevel (0.16.3)
  - PCVisionPicker (1.1):
    - NextLevel (~> 0.16.3)

DEPENDENCIES:
  - PCVisionPicker (from `../`)

SPEC REPOS:
  trunk:
    - NextLevel

EXTERNAL SOURCES:
  PCVisionPicker:
    :path: "../"

SPEC CHECKSUMS:
  NextLevel: 76dab336f758e6a98ef6b4917de1481324cffe04
  PCVisionPicker: 8c1b2a9e06f56526ef6e807d4f1af247c63ab09c

PODFILE CHECKSUM: b509b66895b993e0a3bc1bd46acca19aee13cabd

COCOAPODS: 1.9.1
